
Microsoft Visual Studio Solution File, Format Version 12.00
# Visual Studio Version 17
VisualStudioVersion = 17.9.34728.123
MinimumVisualStudioVersion = 10.0.40219.1
Project("{FAE04EC0-301F-11D3-BF4B-00C04F79EFBC}") = "LogInForm", "LogInForm\LogInForm.csproj", "{FC8099B8-DE93-4A3C-A427-1AE313F51587}"
EndProject
Global
	GlobalSection(SolutionConfigurationPlatforms) = preSolution
		Debug|Any CPU = Debug|Any CPU
		Release|Any CPU = Release|Any CPU
	EndGlobalSection
	GlobalSection(ProjectConfigurationPlatforms) = postSolution
		{FC8099B8-DE93-4A3C-A427-1AE313F51587}.Debug|Any CPU.ActiveCfg = Debug|Any CPU
		{FC8099B8-DE93-4A3C-A427-1AE313F51587}.Debug|Any CPU.Build.0 = Debug|Any CPU
		{FC8099B8-DE93-4A3C-A427-1AE313F51587}.Release|Any CPU.ActiveCfg = Release|Any CPU
		{FC8099B8-DE93-4A3C-A427-1AE313F51587}.Release|Any CPU.Build.0 = Release|Any CPU
	EndGlobalSection
	GlobalSection(SolutionProperties) = preSolution
		HideSolutionNode = FALSE
	EndGlobalSection
	GlobalSection(ExtensibilityGlobals) = postSolution
		SolutionGuid = {5704BD84-692C-4FBF-8D30-0221ADDCACE9}
	EndGlobalSection
EndGlobal
